
Microsoft Visual Studio Solution File, Format Version 12.00
# Visual Studio 2013
VisualStudioVersion = 12.0.31101.0
MinimumVisualStudioVersion = 10.0.40219.1
Project("{FAE04EC0-301F-11D3-BF4B-00C04F79EFBC}") = "TaskList.UserInterface", "TaskList.UserInterface\TaskList.UserInterface.csproj", "{97B124C8-030F-4CB9-926C-DF5CA4DB3AB8}"
EndProject
Project("{FAE04EC0-301F-11D3-BF4B-00C04F79EFBC}") = "TaskList.Data", "TaskList.Data\TaskList.Data.csproj", "{32DE81CE-1B83-4532-9770-1B66E0BD42BC}"
EndProject
Project("{FAE04EC0-301F-11D3-BF4B-00C04F79EFBC}") = "TaskList.Common", "TaskList.Common\TaskList.Common.csproj", "{879A41C5-61B7-431C-B1C0-3EE96C697409}"
EndProject
Global
	GlobalSection(TeamFoundationVersionControl) = preSolution
		SccNumberOfProjects = 4
		SccEnterpriseProvider = {4CA58AB2-18FA-4F8D-95D4-32DDF27D184C}
		SccTeamFoundationServer = https://pinetreestudios.visualstudio.com/defaultcollection
		SccLocalPath0 = .
		SccProjectUniqueName1 = TaskList.Common\\TaskList.Common.csproj
		SccProjectName1 = TaskList.Common
		SccLocalPath1 = TaskList.Common
		SccProjectUniqueName2 = TaskList.Data\\TaskList.Data.csproj
		SccProjectName2 = TaskList.Data
		SccLocalPath2 = TaskList.Data
		SccProjectUniqueName3 = TaskList.UserInterface\\TaskList.UserInterface.csproj
		SccProjectName3 = TaskList.UserInterface
		SccLocalPath3 = TaskList.UserInterface
	EndGlobalSection
	GlobalSection(SolutionConfigurationPlatforms) = preSolution
		Debug|Any CPU = Debug|Any CPU
		Release|Any CPU = Release|Any CPU
	EndGlobalSection
	GlobalSection(ProjectConfigurationPlatforms) = postSolution
		{97B124C8-030F-4CB9-926C-DF5CA4DB3AB8}.Debug|Any CPU.ActiveCfg = Debug|Any CPU
		{97B124C8-030F-4CB9-926C-DF5CA4DB3AB8}.Debug|Any CPU.Build.0 = Debug|Any CPU
		{97B124C8-030F-4CB9-926C-DF5CA4DB3AB8}.Release|Any CPU.ActiveCfg = Release|Any CPU
		{97B124C8-030F-4CB9-926C-DF5CA4DB3AB8}.Release|Any CPU.Build.0 = Release|Any CPU
		{32DE81CE-1B83-4532-9770-1B66E0BD42BC}.Debug|Any CPU.ActiveCfg = Debug|Any CPU
		{32DE81CE-1B83-4532-9770-1B66E0BD42BC}.Debug|Any CPU.Build.0 = Debug|Any CPU
		{32DE81CE-1B83-4532-9770-1B66E0BD42BC}.Release|Any CPU.ActiveCfg = Release|Any CPU
		{32DE81CE-1B83-4532-9770-1B66E0BD42BC}.Release|Any CPU.Build.0 = Release|Any CPU
		{879A41C5-61B7-431C-B1C0-3EE96C697409}.Debug|Any CPU.ActiveCfg = Debug|Any CPU
		{879A41C5-61B7-431C-B1C0-3EE96C697409}.Debug|Any CPU.Build.0 = Debug|Any CPU
		{879A41C5-61B7-431C-B1C0-3EE96C697409}.Release|Any CPU.ActiveCfg = Release|Any CPU
		{879A41C5-61B7-431C-B1C0-3EE96C697409}.Release|Any CPU.Build.0 = Release|Any CPU
	EndGlobalSection
	GlobalSection(SolutionProperties) = preSolution
		HideSolutionNode = FALSE
	EndGlobalSection
EndGlobal
